
Microsoft Visual Studio Solution File, Format Version 12.00
# Visual Studio Version 16
VisualStudioVersion = 16.0.31702.278
MinimumVisualStudioVersion = 10.0.40219.1
Project("{FAE04EC0-301F-11D3-BF4B-00C04F79EFBC}") = "Lab9WpfApp", "Lab9WpfApp\Lab9WpfApp.csproj", "{C7F791E2-AD03-4D62-BF06-9CE16BF1A27E}"
EndProject
Global
	GlobalSection(SolutionConfigurationPlatforms) = preSolution
		Debug|Any CPU = Debug|Any CPU
		Release|Any CPU = Release|Any CPU
	EndGlobalSection
	GlobalSection(ProjectConfigurationPlatforms) = postSolution
		{C7F791E2-AD03-4D62-BF06-9CE16BF1A27E}.Debug|Any CPU.ActiveCfg = Debug|Any CPU
		{C7F791E2-AD03-4D62-BF06-9CE16BF1A27E}.Debug|Any CPU.Build.0 = Debug|Any CPU
		{C7F791E2-AD03-4D62-BF06-9CE16BF1A27E}.Release|Any CPU.ActiveCfg = Release|Any CPU
		{C7F791E2-AD03-4D62-BF06-9CE16BF1A27E}.Release|Any CPU.Build.0 = Release|Any CPU
	EndGlobalSection
	GlobalSection(SolutionProperties) = preSolution
		HideSolutionNode = FALSE
	EndGlobalSection
	GlobalSection(ExtensibilityGlobals) = postSolution
		SolutionGuid = {FED7A1DC-3E1D-4D17-91AC-B98B811B0DF2}
	EndGlobalSection
EndGlobal
